PODS:
  - SDWebImage/Core (5.0.0-beta2)
  - SDWebImageYYPlugin (0.1.0):
    - SDWebImage/Core (>= 5.0.0-beta)
    - SDWebImageYYPlugin/YYCache (= 0.1.0)
    - SDWebImageYYPlugin/YYImage (= 0.1.0)
  - SDWebImageYYPlugin/YYCache (0.1.0):
    - SDWebImage/Core (>= 5.0.0-beta)
    - YYCache
  - SDWebImageYYPlugin/YYImage (0.1.0):
    - SDWebImage/Core (>= 5.0.0-beta)
    - YYImage/Core
  - YYCache (1.0.4)
  - YYImage/Core (1.0.4)

DEPENDENCIES:
  - "SDWebImage/Core (from `git@github.com:rs/SDWebImage.git`, branch `5.x`)"
  - SDWebImageYYPlugin (from `../`)

SPEC REPOS:
  https://github.com/cocoapods/specs.git:
    - YYCache
    - YYImage

EXTERNAL SOURCES:
  SDWebImage:
    :branch: 5.x
    :git: "git@github.com:rs/SDWebImage.git"
  SDWebImageYYPlugin:
    :path: "../"

CHECKOUT OPTIONS:
  SDWebImage:
    :commit: 2bb336bc12a5690dd11988c0bc8bef2c7318508d
    :git: "git@github.com:rs/SDWebImage.git"

SPEC CHECKSUMS:
  SDWebImage: 8e4aaf5805e954ad426702adf5a8c012a7f581d1
  SDWebImageYYPlugin: 4a756eec055647c989fe9d54f9535780bc0e0465
  YYCache: 8105b6638f5e849296c71f331ff83891a4942952
  YYImage: 1e1b62a9997399593e4b9c4ecfbbabbf1d3f3b54

PODFILE CHECKSUM: f8c72633fbc009d6f1bfe12afb37eb2cdaccdb13

COCOAPODS: 1.5.3
