PODS:
  - Expecta (1.0.6)
  - SDWebImage/Core (5.0.0)
  - SDWebImageYYPlugin (0.2.0):
    - SDWebImage/Core (~> 5.0)
    - SDWebImageYYPlugin/YYCache (= 0.2.0)
    - SDWebImageYYPlugin/YYImage (= 0.2.0)
  - SDWebImageYYPlugin/YYCache (0.2.0):
    - SDWebImage/Core (~> 5.0)
    - YYCache
  - SDWebImageYYPlugin/YYImage (0.2.0):
    - SDWebImage/Core (~> 5.0)
    - YYImage/Core
  - YYCache (1.0.4)
  - YYImage/Core (1.0.4)
  - YYImage/WebP (1.0.4):
    - YYImage/Core

DEPENDENCIES:
  - Expecta
  - SDWebImageYYPlugin (from `../`)
  - YYImage/WebP

SPEC REPOS:
  https://github.com/cocoapods/specs.git:
    - Expecta
    - SDWebImage
    - YYCache
    - YYImage

EXTERNAL SOURCES:
  SDWebImageYYPlugin:
    :path: "../"

SPEC CHECKSUMS:
  Expecta: 3b6bd90a64b9a1dcb0b70aa0e10a7f8f631667d5
  SDWebImage: 5de80a0302de9e377e62f47d2fa1304efff0e55f
  SDWebImageYYPlugin: 3398b1f1016cd30d8fdb857226c254a0da8b1a11
  YYCache: 8105b6638f5e849296c71f331ff83891a4942952
  YYImage: 1e1b62a9997399593e4b9c4ecfbbabbf1d3f3b54

PODFILE CHECKSUM: 32dbc66eefdcad7b9f59a52aa756b4f862c6b1c4

COCOAPODS: 1.6.1
