PODS:
  - Expecta (1.0.6)
  - SDWebImage/Core (5.0.0-beta3)
  - SDWebImageYYPlugin (0.1.1):
    - SDWebImage/Core (>= 5.0.0-beta)
    - SDWebImageYYPlugin/YYCache (= 0.1.1)
    - SDWebImageYYPlugin/YYImage (= 0.1.1)
  - SDWebImageYYPlugin/YYCache (0.1.1):
    - SDWebImage/Core (>= 5.0.0-beta)
    - YYCache
  - SDWebImageYYPlugin/YYImage (0.1.1):
    - SDWebImage/Core (>= 5.0.0-beta)
    - YYImage/Core
  - YYCache (1.0.4)
  - YYImage/Core (1.0.4)
  - YYImage/WebP (1.0.4):
    - YYImage/Core

DEPENDENCIES:
  - Expecta
  - SDWebImage/Core (from `https://github.com/rs/SDWebImage.git`, branch `5.x`)
  - SDWebImageYYPlugin (from `../`)
  - YYImage/WebP

EXTERNAL SOURCES:
  SDWebImage:
    :branch: 5.x
    :git: https://github.com/rs/SDWebImage.git
  SDWebImageYYPlugin:
    :path: ../

CHECKOUT OPTIONS:
  SDWebImage:
    :commit: 1ed0b8cfe86066ea28093406fcd859efd40c9d96
    :git: https://github.com/rs/SDWebImage.git

SPEC CHECKSUMS:
  Expecta: 3b6bd90a64b9a1dcb0b70aa0e10a7f8f631667d5
  SDWebImage: e52654ceef9fdc19f4c612d64a5b6d3f05dd81a4
  SDWebImageYYPlugin: cfaeb2f2834c161d9aa9949d3d7c44aa7c80463c
  YYCache: 8105b6638f5e849296c71f331ff83891a4942952
  YYImage: 1e1b62a9997399593e4b9c4ecfbbabbf1d3f3b54

PODFILE CHECKSUM: 5900612c85a696261bc740246922b2914976662c

COCOAPODS: 1.4.0
